// !$*UTF8*$!
{
	archiveVersion = 1;
	classes = {
	};
	objectVersion = 48;
	objects = {

/* Begin PBXBuildFile section */
		1631303E2020538000F5B4A4 /* LandinPageViewController.swift in Sources */ = {isa = PBXBuildFile; fileRef = 1631303C2020538000F5B4A4 /* LandinPageViewController.swift */; };
		1631303F2020538000F5B4A4 /* LandinPageViewController.xib in Resources */ = {isa = PBXBuildFile; fileRef = 1631303D2020538000F5B4A4 /* LandinPageViewController.xib */; };
		16C761A2201F99ED00EC372E /* AppDelegate.swift in Sources */ = {isa = PBXBuildFile; fileRef = 16C761A1201F99ED00EC372E /* AppDelegate.swift */; };
		16C761A7201F99ED00EC372E /* Main.storyboard in Resources */ = {isa = PBXBuildFile; fileRef = 16C761A5201F99ED00EC372E /* Main.storyboard */; };
		16C761A9201F99ED00EC372E /* Assets.xcassets in Resources */ = {isa = PBXBuildFile; fileRef = 16C761A8201F99ED00EC372E /* Assets.xcassets */; };
		16C761AC201F99ED00EC372E /* LaunchScreen.storyboard in Resources */ = {isa = PBXBuildFile; fileRef = 16C761AA201F99ED00EC372E /* LaunchScreen.storyboard */; };
		16C761B5201F9A1D00EC372E /* LogInViewController.swift in Sources */ = {isa = PBXBuildFile; fileRef = 16C761B3201F9A1D00EC372E /* LogInViewController.swift */; };
		16C761B6201F9A1D00EC372E /* LogInViewController.xib in Resources */ = {isa = PBXBuildFile; fileRef = 16C761B4201F9A1D00EC372E /* LogInViewController.xib */; };
		16C761B8201FA5AD00EC372E /* GoogleService-Info.plist in Resources */ = {isa = PBXBuildFile; fileRef = 16C761B7201FA5AD00EC372E /* GoogleService-Info.plist */; };
		D676C076FA55F475C59332D0 /* Pods_ProjectPOC.framework in Frameworks */ = {isa = PBXBuildFile; fileRef = 7C7914D1040CBED53E966925 /* Pods_ProjectPOC.framework */; };
/* End PBXBuildFile section */

/* Begin PBXFileReference section */
		16075161B7B1F42F8D59E625 /* Pods-ProjectPOC.release.xcconfig */ = {isa = PBXFileReference; includeInIndex = 1; lastKnownFileType = text.xcconfig; name = "Pods-ProjectPOC.release.xcconfig"; path = "Pods/Target Support Files/Pods-ProjectPOC/Pods-ProjectPOC.release.xcconfig"; sourceTree = "<group>"; };
		1631303C2020538000F5B4A4 /* LandinPageViewController.swift */ = {isa = PBXFileReference; lastKnownFileType = sourcecode.swift; path = LandinPageViewController.swift; sourceTree = "<group>"; };
		1631303D2020538000F5B4A4 /* LandinPageViewController.xib */ = {isa = PBXFileReference; lastKnownFileType = file.xib; path = LandinPageViewController.xib; sourceTree = "<group>"; };
		16C7619E201F99ED00EC372E /* ProjectPOC.app */ = {isa = PBXFileReference; explicitFileType = wrapper.application; includeInIndex = 0; path = ProjectPOC.app; sourceTree = BUILT_PRODUCTS_DIR; };
		16C761A1201F99ED00EC372E /* AppDelegate.swift */ = {isa = PBXFileReference; lastKnownFileType = sourcecode.swift; path = AppDelegate.swift; sourceTree = "<group>"; };
		16C761A6201F99ED00EC372E /* Base */ = {isa = PBXFileReference; lastKnownFileType = file.storyboard; name = Base; path = Base.lproj/Main.storyboard; sourceTree = "<group>"; };
		16C761A8201F99ED00EC372E /* Assets.xcassets */ = {isa = PBXFileReference; lastKnownFileType = folder.assetcatalog; path = Assets.xcassets; sourceTree = "<group>"; };
		16C761AB201F99ED00EC372E /* Base */ = {isa = PBXFileReference; lastKnownFileType = file.storyboard; name = Base; path = Base.lproj/LaunchScreen.storyboard; sourceTree = "<group>"; };
		16C761AD201F99ED00EC372E /* Info.plist */ = {isa = PBXFileReference; lastKnownFileType = text.plist.xml; path = Info.plist; sourceTree = "<group>"; };
		16C761B3201F9A1D00EC372E /* LogInViewController.swift */ = {isa = PBXFileReference; lastKnownFileType = sourcecode.swift; path = LogInViewController.swift; sourceTree = "<group>"; };
		16C761B4201F9A1D00EC372E /* LogInViewController.xib */ = {isa = PBXFileReference; lastKnownFileType = file.xib; path = LogInViewController.xib; sourceTree = "<group>"; };
		16C761B7201FA5AD00EC372E /* GoogleService-Info.plist */ = {isa = PBXFileReference; fileEncoding = 4; lastKnownFileType = text.plist.xml; path = "GoogleService-Info.plist"; sourceTree = "<group>"; };
		50F871770D092BB6BE58F181 /* Pods-ProjectPOC.debug.xcconfig */ = {isa = PBXFileReference; includeInIndex = 1; lastKnownFileType = text.xcconfig; name = "Pods-ProjectPOC.debug.xcconfig"; path = "Pods/Target Support Files/Pods-ProjectPOC/Pods-ProjectPOC.debug.xcconfig"; sourceTree = "<group>"; };
		7C7914D1040CBED53E966925 /* Pods_ProjectPOC.framework */ = {isa = PBXFileReference; explicitFileType = wrapper.framework; includeInIndex = 0; path = Pods_ProjectPOC.framework; sourceTree = BUILT_PRODUCTS_DIR; };
/* End PBXFileReference section */

/* Begin PBXFrameworksBuildPhase section */
		16C7619B201F99ED00EC372E /* Frameworks */ = {
			isa = PBXFrameworksBuildPhase;
			buildActionMask = 2147483647;
			files = (
				D676C076FA55F475C59332D0 /* Pods_ProjectPOC.framework in Frameworks */,
			);
			runOnlyForDeploymentPostprocessing = 0;
		};
/* End PBXFrameworksBuildPhase section */

/* Begin PBXGroup section */
		16313040202053DF00F5B4A4 /* LandingPage */ = {
			isa = PBXGroup;
			children = (
				1631303C2020538000F5B4A4 /* LandinPageViewController.swift */,
				1631303D2020538000F5B4A4 /* LandinPageViewController.xib */,
			);
			path = LandingPage;
			sourceTree = "<group>";
		};
		16313041202053F000F5B4A4 /* LoginPage */ = {
			isa = PBXGroup;
			children = (
				16C761B3201F9A1D00EC372E /* LogInViewController.swift */,
				16C761B4201F9A1D00EC372E /* LogInViewController.xib */,
			);
			path = LoginPage;
			sourceTree = "<group>";
		};
		16C76195201F99ED00EC372E = {
			isa = PBXGroup;
			children = (
				16C761A0201F99ED00EC372E /* ProjectPOC */,
				16C7619F201F99ED00EC372E /* Products */,
				57B216739A6505FB3F97E8C4 /* Pods */,
				1EB28A7346ED55E0BFC38888 /* Frameworks */,
			);
			sourceTree = "<group>";
		};
		16C7619F201F99ED00EC372E /* Products */ = {
			isa = PBXGroup;
			children = (
				16C7619E201F99ED00EC372E /* ProjectPOC.app */,
			);
			name = Products;
			sourceTree = "<group>";
		};
		16C761A0201F99ED00EC372E /* ProjectPOC */ = {
			isa = PBXGroup;
			children = (
				16C761B7201FA5AD00EC372E /* GoogleService-Info.plist */,
				16313041202053F000F5B4A4 /* LoginPage */,
				16313040202053DF00F5B4A4 /* LandingPage */,
				16C761A1201F99ED00EC372E /* AppDelegate.swift */,
				16C761A5201F99ED00EC372E /* Main.storyboard */,
				16C761A8201F99ED00EC372E /* Assets.xcassets */,
				16C761AA201F99ED00EC372E /* LaunchScreen.storyboard */,
				16C761AD201F99ED00EC372E /* Info.plist */,
			);
			path = ProjectPOC;
			sourceTree = "<group>";
		};
		1EB28A7346ED55E0BFC38888 /* Frameworks */ = {
			isa = PBXGroup;
			children = (
				7C7914D1040CBED53E966925 /* Pods_ProjectPOC.framework */,
			);
			name = Frameworks;
			sourceTree = "<group>";
		};
		57B216739A6505FB3F97E8C4 /* Pods */ = {
			isa = PBXGroup;
			children = (
				50F871770D092BB6BE58F181 /* Pods-ProjectPOC.debug.xcconfig */,
				16075161B7B1F42F8D59E625 /* Pods-ProjectPOC.release.xcconfig */,
			);
			name = Pods;
			sourceTree = "<group>";
		};
/* End PBXGroup section */

/* Begin PBXNativeTarget section */
		16C7619D201F99ED00EC372E /* ProjectPOC */ = {
			isa = PBXNativeTarget;
			buildConfigurationList = 16C761B0201F99ED00EC372E /* Build configuration list for PBXNativeTarget "ProjectPOC" */;
			buildPhases = (
				F7FCB2090592DB5E0A33108B /* [CP] Check Pods Manifest.lock */,
				16C7619A201F99ED00EC372E /* Sources */,
				16C7619B201F99ED00EC372E /* Frameworks */,
				16C7619C201F99ED00EC372E /* Resources */,
				B4E33F5115058157D896F91D /* [CP] Embed Pods Frameworks */,
				36EE82EDC0E3DF78A8FC8CE8 /* [CP] Copy Pods Resources */,
			);
			buildRules = (
			);
			dependencies = (
			);
			name = ProjectPOC;
			productName = ProjectPOC;
			productReference = 16C7619E201F99ED00EC372E /* ProjectPOC.app */;
			productType = "com.apple.product-type.application";
		};
/* End PBXNativeTarget section */

/* Begin PBXProject section */
		16C76196201F99ED00EC372E /* Project object */ = {
			isa = PBXProject;
			attributes = {
				LastSwiftUpdateCheck = 0920;
				LastUpgradeCheck = 0920;
				ORGANIZATIONNAME = "Sanad ";
				TargetAttributes = {
					16C7619D201F99ED00EC372E = {
						CreatedOnToolsVersion = 9.2;
						ProvisioningStyle = Automatic;
					};
				};
			};
			buildConfigurationList = 16C76199201F99ED00EC372E /* Build configuration list for PBXProject "ProjectPOC" */;
			compatibilityVersion = "Xcode 8.0";
			developmentRegion = en;
			hasScannedForEncodings = 0;
			knownRegions = (
				en,
				Base,
			);
			mainGroup = 16C76195201F99ED00EC372E;
			productRefGroup = 16C7619F201F99ED00EC372E /* Products */;
			projectDirPath = "";
			projectRoot = "";
			targets = (
				16C7619D201F99ED00EC372E /* ProjectPOC */,
			);
		};
/* End PBXProject section */

/* Begin PBXResourcesBuildPhase section */
		16C7619C201F99ED00EC372E /* Resources */ = {
			isa = PBXResourcesBuildPhase;
			buildActionMask = 2147483647;
			files = (
				16C761B6201F9A1D00EC372E /* LogInViewController.xib in Resources */,
				16C761AC201F99ED00EC372E /* LaunchScreen.storyboard in Resources */,
				16C761B8201FA5AD00EC372E /* GoogleService-Info.plist in Resources */,
				1631303F2020538000F5B4A4 /* LandinPageViewController.xib in Resources */,
				16C761A9201F99ED00EC372E /* Assets.xcassets in Resources */,
				16C761A7201F99ED00EC372E /* Main.storyboard in Resources */,
			);
			runOnlyForDeploymentPostprocessing = 0;
		};
/* End PBXResourcesBuildPhase section */

/* Begin PBXShellScriptBuildPhase section */
		36EE82EDC0E3DF78A8FC8CE8 /* [CP] Copy Pods Resources */ = {
			isa = PBXShellScriptBuildPhase;
			buildActionMask = 2147483647;
			files = (
			);
			inputPaths = (
			);
			name = "[CP] Copy Pods Resources";
			outputPaths = (
			);
			runOnlyForDeploymentPostprocessing = 0;
			shellPath = /bin/sh;
			shellScript = "\"${SRCROOT}/Pods/Target Support Files/Pods-ProjectPOC/Pods-ProjectPOC-resources.sh\"\n";
			showEnvVarsInLog = 0;
		};
		B4E33F5115058157D896F91D /* [CP] Embed Pods Frameworks */ = {
			isa = PBXShellScriptBuildPhase;
			buildActionMask = 2147483647;
			files = (
			);
			inputPaths = (
				"${SRCROOT}/Pods/Target Support Files/Pods-ProjectPOC/Pods-ProjectPOC-frameworks.sh",
				"${BUILT_PRODUCTS_DIR}/BoringSSL/openssl.framework",
				"${BUILT_PRODUCTS_DIR}/GoogleToolboxForMac/GoogleToolboxForMac.framework",
				"${BUILT_PRODUCTS_DIR}/Protobuf/Protobuf.framework",
				"${BUILT_PRODUCTS_DIR}/gRPC/GRPCClient.framework",
				"${BUILT_PRODUCTS_DIR}/gRPC-Core/grpc.framework",
				"${BUILT_PRODUCTS_DIR}/gRPC-ProtoRPC/ProtoRPC.framework",
				"${BUILT_PRODUCTS_DIR}/gRPC-RxLibrary/RxLibrary.framework",
				"${BUILT_PRODUCTS_DIR}/leveldb-library/leveldb.framework",
				"${BUILT_PRODUCTS_DIR}/nanopb/nanopb.framework",
			);
			name = "[CP] Embed Pods Frameworks";
			outputPaths = (
				"${TARGET_BUILD_DIR}/${FRAMEWORKS_FOLDER_PATH}/openssl.framework",
				"${TARGET_BUILD_DIR}/${FRAMEWORKS_FOLDER_PATH}/GoogleToolboxForMac.framework",
				"${TARGET_BUILD_DIR}/${FRAMEWORKS_FOLDER_PATH}/Protobuf.framework",
				"${TARGET_BUILD_DIR}/${FRAMEWORKS_FOLDER_PATH}/GRPCClient.framework",
				"${TARGET_BUILD_DIR}/${FRAMEWORKS_FOLDER_PATH}/grpc.framework",
				"${TARGET_BUILD_DIR}/${FRAMEWORKS_FOLDER_PATH}/ProtoRPC.framework",
				"${TARGET_BUILD_DIR}/${FRAMEWORKS_FOLDER_PATH}/RxLibrary.framework",
				"${TARGET_BUILD_DIR}/${FRAMEWORKS_FOLDER_PATH}/leveldb.framework",
				"${TARGET_BUILD_DIR}/${FRAMEWORKS_FOLDER_PATH}/nanopb.framework",
			);
			runOnlyForDeploymentPostprocessing = 0;
			shellPath = /bin/sh;
			shellScript = "\"${SRCROOT}/Pods/Target Support Files/Pods-ProjectPOC/Pods-ProjectPOC-frameworks.sh\"\n";
			showEnvVarsInLog = 0;
		};
		F7FCB2090592DB5E0A33108B /* [CP] Check Pods Manifest.lock */ = {
			isa = PBXShellScriptBuildPhase;
			buildActionMask = 2147483647;
			files = (
			);
			inputPaths = (
				"${PODS_PODFILE_DIR_PATH}/Podfile.lock",
				"${PODS_ROOT}/Manifest.lock",
			);
			name = "[CP] Check Pods Manifest.lock";
			outputPaths = (
				"$(DERIVED_FILE_DIR)/Pods-ProjectPOC-checkManifestLockResult.txt",
			);
			runOnlyForDeploymentPostprocessing = 0;
			shellPath = /bin/sh;
			shellScript = "diff \"${PODS_PODFILE_DIR_PATH}/Podfile.lock\" \"${PODS_ROOT}/Manifest.lock\" > /dev/null\nif [ $? != 0 ] ; then\n    # print error to STDERR\n    echo \"error: The sandbox is not in sync with the Podfile.lock. Run 'pod install' or update your CocoaPods installation.\" >&2\n    exit 1\nfi\n# This output is used by Xcode 'outputs' to avoid re-running this script phase.\necho \"SUCCESS\" > \"${SCRIPT_OUTPUT_FILE_0}\"\n";
			showEnvVarsInLog = 0;
		};
/* End PBXShellScriptBuildPhase section */

/* Begin PBXSourcesBuildPhase section */
		16C7619A201F99ED00EC372E /* Sources */ = {
			isa = PBXSourcesBuildPhase;
			buildActionMask = 2147483647;
			files = (
				1631303E2020538000F5B4A4 /* LandinPageViewController.swift in Sources */,
				16C761B5201F9A1D00EC372E /* LogInViewController.swift in Sources */,
				16C761A2201F99ED00EC372E /* AppDelegate.swift in Sources */,
			);
			runOnlyForDeploymentPostprocessing = 0;
		};
/* End PBXSourcesBuildPhase section */

/* Begin PBXVariantGroup section */
		16C761A5201F99ED00EC372E /* Main.storyboard */ = {
			isa = PBXVariantGroup;
			children = (
				16C761A6201F99ED00EC372E /* Base */,
			);
			name = Main.storyboard;
			sourceTree = "<group>";
		};
		16C761AA201F99ED00EC372E /* LaunchScreen.storyboard */ = {
			isa = PBXVariantGroup;
			children = (
				16C761AB201F99ED00EC372E /* Base */,
			);
			name = LaunchScreen.storyboard;
			sourceTree = "<group>";
		};
/* End PBXVariantGroup section */

/* Begin XCBuildConfiguration section */
		16C761AE201F99ED00EC372E /* Debug */ = {
			isa = XCBuildConfiguration;
			buildSettings = {
				ALWAYS_SEARCH_USER_PATHS = NO;
				CLANG_ANALYZER_NONNULL = YES;
				CLANG_ANALYZER_NUMBER_OBJECT_CONVERSION = YES_AGGRESSIVE;
				CLANG_CXX_LANGUAGE_STANDARD = "gnu++14";
				CLANG_CXX_LIBRARY = "libc++";
				CLANG_ENABLE_MODULES = YES;
				CLANG_ENABLE_OBJC_ARC = YES;
				CLANG_WARN_BLOCK_CAPTURE_AUTORELEASING = YES;
				CLANG_WARN_BOOL_CONVERSION = YES;
				CLANG_WARN_COMMA = YES;
				CLANG_WARN_CONSTANT_CONVERSION = YES;
				CLANG_WARN_DIRECT_OBJC_ISA_USAGE = YES_ERROR;
				CLANG_WARN_DOCUMENTATION_COMMENTS = YES;
				CLANG_WARN_EMPTY_BODY = YES;
				CLANG_WARN_ENUM_CONVERSION = YES;
				CLANG_WARN_INFINITE_RECURSION = YES;
				CLANG_WARN_INT_CONVERSION = YES;
				CLANG_WARN_NON_LITERAL_NULL_CONVERSION = YES;
				CLANG_WARN_OBJC_LITERAL_CONVERSION = YES;
				CLANG_WARN_OBJC_ROOT_CLASS = YES_ERROR;
				CLANG_WARN_RANGE_LOOP_ANALYSIS = YES;
				CLANG_WARN_STRICT_PROTOTYPES = YES;
				CLANG_WARN_SUSPICIOUS_MOVE = YES;
				CLANG_WARN_UNGUARDED_AVAILABILITY = YES_AGGRESSIVE;
				CLANG_WARN_UNREACHABLE_CODE = YES;
				CLANG_WARN__DUPLICATE_METHOD_MATCH = YES;
				CODE_SIGN_IDENTITY = "iPhone Developer";
				COPY_PHASE_STRIP = NO;
				DEBUG_INFORMATION_FORMAT = dwarf;
				ENABLE_STRICT_OBJC_MSGSEND = YES;
				ENABLE_TESTABILITY = YES;
				GCC_C_LANGUAGE_STANDARD = gnu11;
				GCC_DYNAMIC_NO_PIC = NO;
				GCC_NO_COMMON_BLOCKS = YES;
				GCC_OPTIMIZATION_LEVEL = 0;
				GCC_PREPROCESSOR_DEFINITIONS = (
					"DEBUG=1",
					"$(inherited)",
				);
				GCC_WARN_64_TO_32_BIT_CONVERSION = YES;
				GCC_WARN_ABOUT_RETURN_TYPE = YES_ERROR;
				GCC_WARN_UNDECLARED_SELECTOR = YES;
				GCC_WARN_UNINITIALIZED_AUTOS = YES_AGGRESSIVE;
				GCC_WARN_UNUSED_FUNCTION = YES;
				GCC_WARN_UNUSED_VARIABLE = YES;
				IPHONEOS_DEPLOYMENT_TARGET = 11.2;
				MTL_ENABLE_DEBUG_INFO = YES;
				ONLY_ACTIVE_ARCH = YES;
				SDKROOT = iphoneos;
				SWIFT_ACTIVE_COMPILATION_CONDITIONS = DEBUG;
				SWIFT_OPTIMIZATION_LEVEL = "-Onone";
			};
			name = Debug;
		};
		16C761AF201F99ED00EC372E /* Release */ = {
			isa = XCBuildConfiguration;
			buildSettings = {
				ALWAYS_SEARCH_USER_PATHS = NO;
				CLANG_ANALYZER_NONNULL = YES;
				CLANG_ANALYZER_NUMBER_OBJECT_CONVERSION = YES_AGGRESSIVE;
				CLANG_CXX_LANGUAGE_STANDARD = "gnu++14";
				CLANG_CXX_LIBRARY = "libc++";
				CLANG_ENABLE_MODULES = YES;
				CLANG_ENABLE_OBJC_ARC = YES;
				CLANG_WARN_BLOCK_CAPTURE_AUTORELEASING = YES;
				CLANG_WARN_BOOL_CONVERSION = YES;
				CLANG_WARN_COMMA = YES;
				CLANG_WARN_CONSTANT_CONVERSION = YES;
				CLANG_WARN_DIRECT_OBJC_ISA_USAGE = YES_ERROR;
				CLANG_WARN_DOCUMENTATION_COMMENTS = YES;
				CLANG_WARN_EMPTY_BODY = YES;
				CLANG_WARN_ENUM_CONVERSION = YES;
				CLANG_WARN_INFINITE_RECURSION = YES;
				CLANG_WARN_INT_CONVERSION = YES;
				CLANG_WARN_NON_LITERAL_NULL_CONVERSION = YES;
				CLANG_WARN_OBJC_LITERAL_CONVERSION = YES;
				CLANG_WARN_OBJC_ROOT_CLASS = YES_ERROR;
				CLANG_WARN_RANGE_LOOP_ANALYSIS = YES;
				CLANG_WARN_STRICT_PROTOTYPES = YES;
				CLANG_WARN_SUSPICIOUS_MOVE = YES;
				CLANG_WARN_UNGUARDED_AVAILABILITY = YES_AGGRESSIVE;
				CLANG_WARN_UNREACHABLE_CODE = YES;
				CLANG_WARN__DUPLICATE_METHOD_MATCH = YES;
				CODE_SIGN_IDENTITY = "iPhone Developer";
				COPY_PHASE_STRIP = NO;
				DEBUG_INFORMATION_FORMAT = "dwarf-with-dsym";
				ENABLE_NS_ASSERTIONS = NO;
				ENABLE_STRICT_OBJC_MSGSEND = YES;
				GCC_C_LANGUAGE_STANDARD = gnu11;
				GCC_NO_COMMON_BLOCKS = YES;
				GCC_WARN_64_TO_32_BIT_CONVERSION = YES;
				GCC_WARN_ABOUT_RETURN_TYPE = YES_ERROR;
				GCC_WARN_UNDECLARED_SELECTOR = YES;
				GCC_WARN_UNINITIALIZED_AUTOS = YES_AGGRESSIVE;
				GCC_WARN_UNUSED_FUNCTION = YES;
				GCC_WARN_UNUSED_VARIABLE = YES;
				IPHONEOS_DEPLOYMENT_TARGET = 11.2;
				MTL_ENABLE_DEBUG_INFO = NO;
				SDKROOT = iphoneos;
				SWIFT_OPTIMIZATION_LEVEL = "-Owholemodule";
				VALIDATE_PRODUCT = YES;
			};
			name = Release;
		};
		16C761B1201F99ED00EC372E /* Debug */ = {
			isa = XCBuildConfiguration;
			baseConfigurationReference = 50F871770D092BB6BE58F181 /* Pods-ProjectPOC.debug.xcconfig */;
			buildSettings = {
				ASSETCATALOG_COMPILER_APPICON_NAME = AppIcon;
				CODE_SIGN_STYLE = Automatic;
				DEVELOPMENT_TEAM = BDZ9JJAWHH;
				INFOPLIST_FILE = ProjectPOC/Info.plist;
				LD_RUNPATH_SEARCH_PATHS = "$(inherited) @executable_path/Frameworks";
				PRODUCT_BUNDLE_IDENTIFIER = Sanadbarj.ProjectPOC;
				PRODUCT_NAME = "$(TARGET_NAME)";
				SWIFT_VERSION = 4.0;
				TARGETED_DEVICE_FAMILY = "1,2";
			};
			name = Debug;
		};
		16C761B2201F99ED00EC372E /* Release */ = {
			isa = XCBuildConfiguration;
			baseConfigurationReference = 16075161B7B1F42F8D59E625 /* Pods-ProjectPOC.release.xcconfig */;
			buildSettings = {
				ASSETCATALOG_COMPILER_APPICON_NAME = AppIcon;
				CODE_SIGN_STYLE = Automatic;
				DEVELOPMENT_TEAM = BDZ9JJAWHH;
				INFOPLIST_FILE = ProjectPOC/Info.plist;
				LD_RUNPATH_SEARCH_PATHS = "$(inherited) @executable_path/Frameworks";
				PRODUCT_BUNDLE_IDENTIFIER = Sanadbarj.ProjectPOC;
				PRODUCT_NAME = "$(TARGET_NAME)";
				SWIFT_VERSION = 4.0;
				TARGETED_DEVICE_FAMILY = "1,2";
			};
			name = Release;
		};
/* End XCBuildConfiguration section */

/* Begin XCConfigurationList section */
		16C76199201F99ED00EC372E /* Build configuration list for PBXProject "ProjectPOC" */ = {
			isa = XCConfigurationList;
			buildConfigurations = (
				16C761AE201F99ED00EC372E /* Debug */,
				16C761AF201F99ED00EC372E /* Release */,
			);
			defaultConfigurationIsVisible = 0;
			defaultConfigurationName = Release;
		};
		16C761B0201F99ED00EC372E /* Build configuration list for PBXNativeTarget "ProjectPOC" */ = {
			isa = XCConfigurationList;
			buildConfigurations = (
				16C761B1201F99ED00EC372E /* Debug */,
				16C761B2201F99ED00EC372E /* Release */,
			);
			defaultConfigurationIsVisible = 0;
			defaultConfigurationName = Release;
		};
/* End XCConfigurationList section */
	};
	rootObject = 16C76196201F99ED00EC372E /* Project object */;
}
